
Microsoft Visual Studio Solution File, Format Version 12.00
# Visual Studio Version 17
VisualStudioVersion = 17.4.33403.182
MinimumVisualStudioVersion = 10.0.40219.1
Project("{9A19103F-16F7-4668-BE54-9A1E7A4F7556}") = "Dataset_Builder", "Dataset_Builder\Dataset_Builder.csproj", "{804E98E8-B078-4008-B277-D3D64121BCEC}"
EndProject
Project("{54435603-DBB4-11D2-8724-00A0C9A8B90C}") = "install", "install\install.vdproj", "{32041E40-28C9-4B94-8EC5-B628D6CE7B64}"
EndProject
Global
	GlobalSection(SolutionConfigurationPlatforms) = preSolution
		Debug|Any CPU = Debug|Any CPU
		Release|Any CPU = Release|Any CPU
	EndGlobalSection
	GlobalSection(ProjectConfigurationPlatforms) = postSolution
		{804E98E8-B078-4008-B277-D3D64121BCEC}.Debug|Any CPU.ActiveCfg = Debug|Any CPU
		{804E98E8-B078-4008-B277-D3D64121BCEC}.Debug|Any CPU.Build.0 = Debug|Any CPU
		{804E98E8-B078-4008-B277-D3D64121BCEC}.Release|Any CPU.ActiveCfg = Release|Any CPU
		{804E98E8-B078-4008-B277-D3D64121BCEC}.Release|Any CPU.Build.0 = Release|Any CPU
		{32041E40-28C9-4B94-8EC5-B628D6CE7B64}.Debug|Any CPU.ActiveCfg = Debug
		{32041E40-28C9-4B94-8EC5-B628D6CE7B64}.Release|Any CPU.ActiveCfg = Release
	EndGlobalSection
	GlobalSection(SolutionProperties) = preSolution
		HideSolutionNode = FALSE
	EndGlobalSection
	GlobalSection(ExtensibilityGlobals) = postSolution
		SolutionGuid = {88F7F903-69AF-4463-96B6-0F97A6E01B39}
	EndGlobalSection
EndGlobal
